// !$*UTF8*$!
{
	archiveVersion = 1;
	classes = {
	};
	objectVersion = 46;
	objects = {

/* Begin PBXBuildFile section */
		185B29511C7AB61800EA251E /* Album.m in Sources */ = {isa = PBXBuildFile; fileRef = 185B29501C7AB61800EA251E /* Album.m */; };
		185B29541C7ADDEC00EA251E /* AlbumView.m in Sources */ = {isa = PBXBuildFile; fileRef = 185B29531C7ADDEC00EA251E /* AlbumView.m */; };
		185B295A1C7AFBD500EA251E /* LibraryAPI.m in Sources */ = {isa = PBXBuildFile; fileRef = 185B29591C7AFBD500EA251E /* LibraryAPI.m */; };
		185B295D1C7B099A00EA251E /* PersistencyManager.m in Sources */ = {isa = PBXBuildFile; fileRef = 185B295C1C7B099A00EA251E /* PersistencyManager.m */; };
		1861CCC61C907D0B00D0F47A /* MKAnnotationView+WebCache.m in Sources */ = {isa = PBXBuildFile; fileRef = 1861CCA61C907D0B00D0F47A /* MKAnnotationView+WebCache.m */; };
		1861CCC71C907D0B00D0F47A /* NSData+ImageContentType.m in Sources */ = {isa = PBXBuildFile; fileRef = 1861CCA81C907D0B00D0F47A /* NSData+ImageContentType.m */; };
		1861CCC81C907D0B00D0F47A /* SDImageCache.m in Sources */ = {isa = PBXBuildFile; fileRef = 1861CCAA1C907D0B00D0F47A /* SDImageCache.m */; };
		1861CCC91C907D0B00D0F47A /* SDWebImageCompat.m in Sources */ = {isa = PBXBuildFile; fileRef = 1861CCAC1C907D0B00D0F47A /* SDWebImageCompat.m */; };
		1861CCCA1C907D0B00D0F47A /* SDWebImageDecoder.m in Sources */ = {isa = PBXBuildFile; fileRef = 1861CCAE1C907D0B00D0F47A /* SDWebImageDecoder.m */; };
		1861CCCB1C907D0B00D0F47A /* SDWebImageDownloader.m in Sources */ = {isa = PBXBuildFile; fileRef = 1861CCB01C907D0B00D0F47A /* SDWebImageDownloader.m */; };
		1861CCCC1C907D0B00D0F47A /* SDWebImageDownloaderOperation.m in Sources */ = {isa = PBXBuildFile; fileRef = 1861CCB21C907D0B00D0F47A /* SDWebImageDownloaderOperation.m */; };
		1861CCCD1C907D0B00D0F47A /* SDWebImageManager.m in Sources */ = {isa = PBXBuildFile; fileRef = 1861CCB41C907D0B00D0F47A /* SDWebImageManager.m */; };
		1861CCCE1C907D0B00D0F47A /* SDWebImagePrefetcher.m in Sources */ = {isa = PBXBuildFile; fileRef = 1861CCB71C907D0B00D0F47A /* SDWebImagePrefetcher.m */; };
		1861CCCF1C907D0B00D0F47A /* UIButton+WebCache.m in Sources */ = {isa = PBXBuildFile; fileRef = 1861CCB91C907D0B00D0F47A /* UIButton+WebCache.m */; };
		1861CCD01C907D0B00D0F47A /* UIImage+GIF.m in Sources */ = {isa = PBXBuildFile; fileRef = 1861CCBB1C907D0B00D0F47A /* UIImage+GIF.m */; };
		1861CCD11C907D0B00D0F47A /* UIImage+MultiFormat.m in Sources */ = {isa = PBXBuildFile; fileRef = 1861CCBD1C907D0B00D0F47A /* UIImage+MultiFormat.m */; };
		1861CCD21C907D0B00D0F47A /* UIImage+WebP.m in Sources */ = {isa = PBXBuildFile; fileRef = 1861CCBF1C907D0B00D0F47A /* UIImage+WebP.m */; };
		1861CCD31C907D0B00D0F47A /* UIImageView+HighlightedWebCache.m in Sources */ = {isa = PBXBuildFile; fileRef = 1861CCC11C907D0B00D0F47A /* UIImageView+HighlightedWebCache.m */; };
		1861CCD41C907D0B00D0F47A /* UIImageView+WebCache.m in Sources */ = {isa = PBXBuildFile; fileRef = 1861CCC31C907D0B00D0F47A /* UIImageView+WebCache.m */; };
		1861CCD51C907D0B00D0F47A /* UIView+WebCacheOperation.m in Sources */ = {isa = PBXBuildFile; fileRef = 1861CCC51C907D0B00D0F47A /* UIView+WebCacheOperation.m */; };
		1861CCD71C9084FE00D0F47A /* ImageIO.framework in Frameworks */ = {isa = PBXBuildFile; fileRef = 1861CCD61C9084FE00D0F47A /* ImageIO.framework */; };
		1861CCD91C90850600D0F47A /* MapKit.framework in Frameworks */ = {isa = PBXBuildFile; fileRef = 1861CCD81C90850600D0F47A /* MapKit.framework */; };
		18A52C121C7C085D0086725E /* Album+TableRepresentation.m in Sources */ = {isa = PBXBuildFile; fileRef = 18A52C111C7C085D0086725E /* Album+TableRepresentation.m */; };
		18A52C181C7C60400086725E /* HorizontalScroller.m in Sources */ = {isa = PBXBuildFile; fileRef = 18A52C171C7C60400086725E /* HorizontalScroller.m */; };
		450EECC017A9B03A00957F62 /* UIKit.framework in Frameworks */ = {isa = PBXBuildFile; fileRef = 450EECBF17A9B03A00957F62 /* UIKit.framework */; };
		450EECC217A9B03A00957F62 /* Foundation.framework in Frameworks */ = {isa = PBXBuildFile; fileRef = 450EECC117A9B03A00957F62 /* Foundation.framework */; };
		450EECC417A9B03A00957F62 /* CoreGraphics.framework in Frameworks */ = {isa = PBXBuildFile; fileRef = 450EECC317A9B03A00957F62 /* CoreGraphics.framework */; };
		450EECCA17A9B03A00957F62 /* InfoPlist.strings in Resources */ = {isa = PBXBuildFile; fileRef = 450EECC817A9B03A00957F62 /* InfoPlist.strings */; };
		450EECCC17A9B03A00957F62 /* main.m in Sources */ = {isa = PBXBuildFile; fileRef = 450EECCB17A9B03A00957F62 /* main.m */; };
		450EECD017A9B03A00957F62 /* AppDelegate.m in Sources */ = {isa = PBXBuildFile; fileRef = 450EECCF17A9B03A00957F62 /* AppDelegate.m */; };
		450EECD217A9B03A00957F62 /* Default.png in Resources */ = {isa = PBXBuildFile; fileRef = 450EECD117A9B03A00957F62 /* Default.png */; };
		450EECD417A9B03A00957F62 /* Default@2x.png in Resources */ = {isa = PBXBuildFile; fileRef = 450EECD317A9B03A00957F62 /* Default@2x.png */; };
		450EECD617A9B03A00957F62 /* Default-568h@2x.png in Resources */ = {isa = PBXBuildFile; fileRef = 450EECD517A9B03A00957F62 /* Default-568h@2x.png */; };
		450EECD917A9B03A00957F62 /* ViewController.m in Sources */ = {isa = PBXBuildFile; fileRef = 450EECD817A9B03A00957F62 /* ViewController.m */; };
		450EECE517A9B05E00957F62 /* HTTPClient.m in Sources */ = {isa = PBXBuildFile; fileRef = 450EECE417A9B05E00957F62 /* HTTPClient.m */; };
/* End PBXBuildFile section */

/* Begin PBXFileReference section */
		185B294F1C7AB61800EA251E /* Album.h */ = {isa = PBXFileReference; fileEncoding = 4; lastKnownFileType = sourcecode.c.h; path = Album.h; sourceTree = "<group>"; };
		185B29501C7AB61800EA251E /* Album.m */ = {isa = PBXFileReference; fileEncoding = 4; lastKnownFileType = sourcecode.c.objc; path = Album.m; sourceTree = "<group>"; };
		185B29521C7ADDEC00EA251E /* AlbumView.h */ = {isa = PBXFileReference; fileEncoding = 4; lastKnownFileType = sourcecode.c.h; path = AlbumView.h; sourceTree = "<group>"; };
		185B29531C7ADDEC00EA251E /* AlbumView.m */ = {isa = PBXFileReference; fileEncoding = 4; lastKnownFileType = sourcecode.c.objc; path = AlbumView.m; sourceTree = "<group>"; };
		185B29581C7AFBD500EA251E /* LibraryAPI.h */ = {isa = PBXFileReference; fileEncoding = 4; lastKnownFileType = sourcecode.c.h; path = LibraryAPI.h; sourceTree = "<group>"; };
		185B29591C7AFBD500EA251E /* LibraryAPI.m */ = {isa = PBXFileReference; fileEncoding = 4; lastKnownFileType = sourcecode.c.objc; path = LibraryAPI.m; sourceTree = "<group>"; };
		185B295B1C7B099A00EA251E /* PersistencyManager.h */ = {isa = PBXFileReference; fileEncoding = 4; lastKnownFileType = sourcecode.c.h; path = PersistencyManager.h; sourceTree = "<group>"; };
		185B295C1C7B099A00EA251E /* PersistencyManager.m */ = {isa = PBXFileReference; fileEncoding = 4; lastKnownFileType = sourcecode.c.objc; path = PersistencyManager.m; sourceTree = "<group>"; };
		1861CCA51C907D0B00D0F47A /* MKAnnotationView+WebCache.h */ = {isa = PBXFileReference; fileEncoding = 4; lastKnownFileType = sourcecode.c.h; path = "MKAnnotationView+WebCache.h"; sourceTree = "<group>"; };
		1861CCA61C907D0B00D0F47A /* MKAnnotationView+WebCache.m */ = {isa = PBXFileReference; fileEncoding = 4; lastKnownFileType = sourcecode.c.objc; path = "MKAnnotationView+WebCache.m"; sourceTree = "<group>"; };
		1861CCA71C907D0B00D0F47A /* NSData+ImageContentType.h */ = {isa = PBXFileReference; fileEncoding = 4; lastKnownFileType = sourcecode.c.h; path = "NSData+ImageContentType.h"; sourceTree = "<group>"; };
		1861CCA81C907D0B00D0F47A /* NSData+ImageContentType.m */ = {isa = PBXFileReference; fileEncoding = 4; lastKnownFileType = sourcecode.c.objc; path = "NSData+ImageContentType.m"; sourceTree = "<group>"; };
		1861CCA91C907D0B00D0F47A /* SDImageCache.h */ = {isa = PBXFileReference; fileEncoding = 4; lastKnownFileType = sourcecode.c.h; path = SDImageCache.h; sourceTree = "<group>"; };
		1861CCAA1C907D0B00D0F47A /* SDImageCache.m */ = {isa = PBXFileReference; fileEncoding = 4; lastKnownFileType = sourcecode.c.objc; path = SDImageCache.m; sourceTree = "<group>"; };
		1861CCAB1C907D0B00D0F47A /* SDWebImageCompat.h */ = {isa = PBXFileReference; fileEncoding = 4; lastKnownFileType = sourcecode.c.h; path = SDWebImageCompat.h; sourceTree = "<group>"; };
		1861CCAC1C907D0B00D0F47A /* SDWebImageCompat.m */ = {isa = PBXFileReference; fileEncoding = 4; lastKnownFileType = sourcecode.c.objc; path = SDWebImageCompat.m; sourceTree = "<group>"; };
		1861CCAD1C907D0B00D0F47A /* SDWebImageDecoder.h */ = {isa = PBXFileReference; fileEncoding = 4; lastKnownFileType = sourcecode.c.h; path = SDWebImageDecoder.h; sourceTree = "<group>"; };
		1861CCAE1C907D0B00D0F47A /* SDWebImageDecoder.m */ = {isa = PBXFileReference; fileEncoding = 4; lastKnownFileType = sourcecode.c.objc; path = SDWebImageDecoder.m; sourceTree = "<group>"; };
		1861CCAF1C907D0B00D0F47A /* SDWebImageDownloader.h */ = {isa = PBXFileReference; fileEncoding = 4; lastKnownFileType = sourcecode.c.h; path = SDWebImageDownloader.h; sourceTree = "<group>"; };
		1861CCB01C907D0B00D0F47A /* SDWebImageDownloader.m */ = {isa = PBXFileReference; fileEncoding = 4; lastKnownFileType = sourcecode.c.objc; path = SDWebImageDownloader.m; sourceTree = "<group>"; };
		1861CCB11C907D0B00D0F47A /* SDWebImageDownloaderOperation.h */ = {isa = PBXFileReference; fileEncoding = 4; lastKnownFileType = sourcecode.c.h; path = SDWebImageDownloaderOperation.h; sourceTree = "<group>"; };
		1861CCB21C907D0B00D0F47A /* SDWebImageDownloaderOperation.m */ = {isa = PBXFileReference; fileEncoding = 4; lastKnownFileType = sourcecode.c.objc; path = SDWebImageDownloaderOperation.m; sourceTree = "<group>"; };
		1861CCB31C907D0B00D0F47A /* SDWebImageManager.h */ = {isa = PBXFileReference; fileEncoding = 4; lastKnownFileType = sourcecode.c.h; path = SDWebImageManager.h; sourceTree = "<group>"; };
		1861CCB41C907D0B00D0F47A /* SDWebImageManager.m */ = {isa = PBXFileReference; fileEncoding = 4; lastKnownFileType = sourcecode.c.objc; path = SDWebImageManager.m; sourceTree = "<group>"; };
		1861CCB51C907D0B00D0F47A /* SDWebImageOperation.h */ = {isa = PBXFileReference; fileEncoding = 4; lastKnownFileType = sourcecode.c.h; path = SDWebImageOperation.h; sourceTree = "<group>"; };
		1861CCB61C907D0B00D0F47A /* SDWebImagePrefetcher.h */ = {isa = PBXFileReference; fileEncoding = 4; lastKnownFileType = sourcecode.c.h; path = SDWebImagePrefetcher.h; sourceTree = "<group>"; };
		1861CCB71C907D0B00D0F47A /* SDWebImagePrefetcher.m */ = {isa = PBXFileReference; fileEncoding = 4; lastKnownFileType = sourcecode.c.objc; path = SDWebImagePrefetcher.m; sourceTree = "<group>"; };
		1861CCB81C907D0B00D0F47A /* UIButton+WebCache.h */ = {isa = PBXFileReference; fileEncoding = 4; lastKnownFileType = sourcecode.c.h; path = "UIButton+WebCache.h"; sourceTree = "<group>"; };
		1861CCB91C907D0B00D0F47A /* UIButton+WebCache.m */ = {isa = PBXFileReference; fileEncoding = 4; lastKnownFileType = sourcecode.c.objc; path = "UIButton+WebCache.m"; sourceTree = "<group>"; };
		1861CCBA1C907D0B00D0F47A /* UIImage+GIF.h */ = {isa = PBXFileReference; fileEncoding = 4; lastKnownFileType = sourcecode.c.h; path = "UIImage+GIF.h"; sourceTree = "<group>"; };
		1861CCBB1C907D0B00D0F47A /* UIImage+GIF.m */ = {isa = PBXFileReference; fileEncoding = 4; lastKnownFileType = sourcecode.c.objc; path = "UIImage+GIF.m"; sourceTree = "<group>"; };
		1861CCBC1C907D0B00D0F47A /* UIImage+MultiFormat.h */ = {isa = PBXFileReference; fileEncoding = 4; lastKnownFileType = sourcecode.c.h; path = "UIImage+MultiFormat.h"; sourceTree = "<group>"; };
		1861CCBD1C907D0B00D0F47A /* UIImage+MultiFormat.m */ = {isa = PBXFileReference; fileEncoding = 4; lastKnownFileType = sourcecode.c.objc; path = "UIImage+MultiFormat.m"; sourceTree = "<group>"; };
		1861CCBE1C907D0B00D0F47A /* UIImage+WebP.h */ = {isa = PBXFileReference; fileEncoding = 4; lastKnownFileType = sourcecode.c.h; path = "UIImage+WebP.h"; sourceTree = "<group>"; };
		1861CCBF1C907D0B00D0F47A /* UIImage+WebP.m */ = {isa = PBXFileReference; fileEncoding = 4; lastKnownFileType = sourcecode.c.objc; path = "UIImage+WebP.m"; sourceTree = "<group>"; };
		1861CCC01C907D0B00D0F47A /* UIImageView+HighlightedWebCache.h */ = {isa = PBXFileReference; fileEncoding = 4; lastKnownFileType = sourcecode.c.h; path = "UIImageView+HighlightedWebCache.h"; sourceTree = "<group>"; };
		1861CCC11C907D0B00D0F47A /* UIImageView+HighlightedWebCache.m */ = {isa = PBXFileReference; fileEncoding = 4; lastKnownFileType = sourcecode.c.objc; path = "UIImageView+HighlightedWebCache.m"; sourceTree = "<group>"; };
		1861CCC21C907D0B00D0F47A /* UIImageView+WebCache.h */ = {isa = PBXFileReference; fileEncoding = 4; lastKnownFileType = sourcecode.c.h; path = "UIImageView+WebCache.h"; sourceTree = "<group>"; };
		1861CCC31C907D0B00D0F47A /* UIImageView+WebCache.m */ = {isa = PBXFileReference; fileEncoding = 4; lastKnownFileType = sourcecode.c.objc; path = "UIImageView+WebCache.m"; sourceTree = "<group>"; };
		1861CCC41C907D0B00D0F47A /* UIView+WebCacheOperation.h */ = {isa = PBXFileReference; fileEncoding = 4; lastKnownFileType = sourcecode.c.h; path = "UIView+WebCacheOperation.h"; sourceTree = "<group>"; };
		1861CCC51C907D0B00D0F47A /* UIView+WebCacheOperation.m */ = {isa = PBXFileReference; fileEncoding = 4; lastKnownFileType = sourcecode.c.objc; path = "UIView+WebCacheOperation.m"; sourceTree = "<group>"; };
		1861CCD61C9084FE00D0F47A /* ImageIO.framework */ = {isa = PBXFileReference; lastKnownFileType = wrapper.framework; name = ImageIO.framework; path = System/Library/Frameworks/ImageIO.framework; sourceTree = SDKROOT; };
		1861CCD81C90850600D0F47A /* MapKit.framework */ = {isa = PBXFileReference; lastKnownFileType = wrapper.framework; name = MapKit.framework; path = System/Library/Frameworks/MapKit.framework; sourceTree = SDKROOT; };
		18A52C101C7C085D0086725E /* Album+TableRepresentation.h */ = {isa = PBXFileReference; fileEncoding = 4; lastKnownFileType = sourcecode.c.h; path = "Album+TableRepresentation.h"; sourceTree = "<group>"; };
		18A52C111C7C085D0086725E /* Album+TableRepresentation.m */ = {isa = PBXFileReference; fileEncoding = 4; lastKnownFileType = sourcecode.c.objc; path = "Album+TableRepresentation.m"; sourceTree = "<group>"; };
		18A52C161C7C60400086725E /* HorizontalScroller.h */ = {isa = PBXFileReference; fileEncoding = 4; lastKnownFileType = sourcecode.c.h; path = HorizontalScroller.h; sourceTree = "<group>"; };
		18A52C171C7C60400086725E /* HorizontalScroller.m */ = {isa = PBXFileReference; fileEncoding = 4; lastKnownFileType = sourcecode.c.objc; path = HorizontalScroller.m; sourceTree = "<group>"; };
		450EECBC17A9B03A00957F62 /* BlueLibrary.app */ = {isa = PBXFileReference; explicitFileType = wrapper.application; includeInIndex = 0; path = BlueLibrary.app; sourceTree = BUILT_PRODUCTS_DIR; };
		450EECBF17A9B03A00957F62 /* UIKit.framework */ = {isa = PBXFileReference; lastKnownFileType = wrapper.framework; name = UIKit.framework; path = System/Library/Frameworks/UIKit.framework; sourceTree = SDKROOT; };
		450EECC117A9B03A00957F62 /* Foundation.framework */ = {isa = PBXFileReference; lastKnownFileType = wrapper.framework; name = Foundation.framework; path = System/Library/Frameworks/Foundation.framework; sourceTree = SDKROOT; };
		450EECC317A9B03A00957F62 /* CoreGraphics.framework */ = {isa = PBXFileReference; lastKnownFileType = wrapper.framework; name = CoreGraphics.framework; path = System/Library/Frameworks/CoreGraphics.framework; sourceTree = SDKROOT; };
		450EECC717A9B03A00957F62 /* BlueLibrary-Info.plist */ = {isa = PBXFileReference; lastKnownFileType = text.plist.xml; path = "BlueLibrary-Info.plist"; sourceTree = "<group>"; };
		450EECC917A9B03A00957F62 /* en */ = {isa = PBXFileReference; lastKnownFileType = text.plist.strings; name = en; path = en.lproj/InfoPlist.strings; sourceTree = "<group>"; };
		450EECCB17A9B03A00957F62 /* main.m */ = {isa = PBXFileReference; lastKnownFileType = sourcecode.c.objc; path = main.m; sourceTree = "<group>"; };
		450EECCD17A9B03A00957F62 /* BlueLibrary-Prefix.pch */ = {isa = PBXFileReference; lastKnownFileType = sourcecode.c.h; path = "BlueLibrary-Prefix.pch"; sourceTree = "<group>"; };
		450EECCE17A9B03A00957F62 /* AppDelegate.h */ = {isa = PBXFileReference; lastKnownFileType = sourcecode.c.h; path = AppDelegate.h; sourceTree = "<group>"; };
		450EECCF17A9B03A00957F62 /* AppDelegate.m */ = {isa = PBXFileReference; lastKnownFileType = sourcecode.c.objc; path = AppDelegate.m; sourceTree = "<group>"; };
		450EECD117A9B03A00957F62 /* Default.png */ = {isa = PBXFileReference; lastKnownFileType = image.png; path = Default.png; sourceTree = "<group>"; };
		450EECD317A9B03A00957F62 /* Default@2x.png */ = {isa = PBXFileReference; lastKnownFileType = image.png; path = "Default@2x.png"; sourceTree = "<group>"; };
		450EECD517A9B03A00957F62 /* Default-568h@2x.png */ = {isa = PBXFileReference; lastKnownFileType = image.png; path = "Default-568h@2x.png"; sourceTree = "<group>"; };
		450EECD717A9B03A00957F62 /* ViewController.h */ = {isa = PBXFileReference; lastKnownFileType = sourcecode.c.h; path = ViewController.h; sourceTree = "<group>"; };
		450EECD817A9B03A00957F62 /* ViewController.m */ = {isa = PBXFileReference; lastKnownFileType = sourcecode.c.objc; path = ViewController.m; sourceTree = "<group>"; };
		450EECE317A9B05E00957F62 /* HTTPClient.h */ = {isa = PBXFileReference; fileEncoding = 4; lastKnownFileType = sourcecode.c.h; path = HTTPClient.h; sourceTree = "<group>"; };
		450EECE417A9B05E00957F62 /* HTTPClient.m */ = {isa = PBXFileReference; fileEncoding = 4; lastKnownFileType = sourcecode.c.objc; path = HTTPClient.m; sourceTree = "<group>"; };
/* End PBXFileReference section */

/* Begin PBXFrameworksBuildPhase section */
		450EECB917A9B03A00957F62 /* Frameworks */ = {
			isa = PBXFrameworksBuildPhase;
			buildActionMask = 2147483647;
			files = (
				1861CCD91C90850600D0F47A /* MapKit.framework in Frameworks */,
				1861CCD71C9084FE00D0F47A /* ImageIO.framework in Frameworks */,
				450EECC017A9B03A00957F62 /* UIKit.framework in Frameworks */,
				450EECC217A9B03A00957F62 /* Foundation.framework in Frameworks */,
				450EECC417A9B03A00957F62 /* CoreGraphics.framework in Frameworks */,
			);
			runOnlyForDeploymentPostprocessing = 0;
		};
/* End PBXFrameworksBuildPhase section */

/* Begin PBXGroup section */
		185B29551C7AF5CB00EA251E /* Controller */ = {
			isa = PBXGroup;
			children = (
				450EECD717A9B03A00957F62 /* ViewController.h */,
				450EECD817A9B03A00957F62 /* ViewController.m */,
			);
			name = Controller;
			sourceTree = "<group>";
		};
		185B29561C7AF5D400EA251E /* Model */ = {
			isa = PBXGroup;
			children = (
				185B294F1C7AB61800EA251E /* Album.h */,
				185B29501C7AB61800EA251E /* Album.m */,
			);
			name = Model;
			sourceTree = "<group>";
		};
		185B29571C7AF5D900EA251E /* View */ = {
			isa = PBXGroup;
			children = (
				185B29521C7ADDEC00EA251E /* AlbumView.h */,
				185B29531C7ADDEC00EA251E /* AlbumView.m */,
				18A52C161C7C60400086725E /* HorizontalScroller.h */,
				18A52C171C7C60400086725E /* HorizontalScroller.m */,
			);
			name = View;
			sourceTree = "<group>";
		};
		1861CCA41C907D0B00D0F47A /* SDWebImage */ = {
			isa = PBXGroup;
			children = (
				1861CCA51C907D0B00D0F47A /* MKAnnotationView+WebCache.h */,
				1861CCA61C907D0B00D0F47A /* MKAnnotationView+WebCache.m */,
				1861CCA71C907D0B00D0F47A /* NSData+ImageContentType.h */,
				1861CCA81C907D0B00D0F47A /* NSData+ImageContentType.m */,
				1861CCA91C907D0B00D0F47A /* SDImageCache.h */,
				1861CCAA1C907D0B00D0F47A /* SDImageCache.m */,
				1861CCAB1C907D0B00D0F47A /* SDWebImageCompat.h */,
				1861CCAC1C907D0B00D0F47A /* SDWebImageCompat.m */,
				1861CCAD1C907D0B00D0F47A /* SDWebImageDecoder.h */,
				1861CCAE1C907D0B00D0F47A /* SDWebImageDecoder.m */,
				1861CCAF1C907D0B00D0F47A /* SDWebImageDownloader.h */,
				1861CCB01C907D0B00D0F47A /* SDWebImageDownloader.m */,
				1861CCB11C907D0B00D0F47A /* SDWebImageDownloaderOperation.h */,
				1861CCB21C907D0B00D0F47A /* SDWebImageDownloaderOperation.m */,
				1861CCB31C907D0B00D0F47A /* SDWebImageManager.h */,
				1861CCB41C907D0B00D0F47A /* SDWebImageManager.m */,
				1861CCB51C907D0B00D0F47A /* SDWebImageOperation.h */,
				1861CCB61C907D0B00D0F47A /* SDWebImagePrefetcher.h */,
				1861CCB71C907D0B00D0F47A /* SDWebImagePrefetcher.m */,
				1861CCB81C907D0B00D0F47A /* UIButton+WebCache.h */,
				1861CCB91C907D0B00D0F47A /* UIButton+WebCache.m */,
				1861CCBA1C907D0B00D0F47A /* UIImage+GIF.h */,
				1861CCBB1C907D0B00D0F47A /* UIImage+GIF.m */,
				1861CCBC1C907D0B00D0F47A /* UIImage+MultiFormat.h */,
				1861CCBD1C907D0B00D0F47A /* UIImage+MultiFormat.m */,
				1861CCBE1C907D0B00D0F47A /* UIImage+WebP.h */,
				1861CCBF1C907D0B00D0F47A /* UIImage+WebP.m */,
				1861CCC01C907D0B00D0F47A /* UIImageView+HighlightedWebCache.h */,
				1861CCC11C907D0B00D0F47A /* UIImageView+HighlightedWebCache.m */,
				1861CCC21C907D0B00D0F47A /* UIImageView+WebCache.h */,
				1861CCC31C907D0B00D0F47A /* UIImageView+WebCache.m */,
				1861CCC41C907D0B00D0F47A /* UIView+WebCacheOperation.h */,
				1861CCC51C907D0B00D0F47A /* UIView+WebCacheOperation.m */,
			);
			path = SDWebImage;
			sourceTree = "<group>";
		};
		450EECB317A9B03A00957F62 = {
			isa = PBXGroup;
			children = (
				450EECC517A9B03A00957F62 /* BlueLibrary */,
				450EECBE17A9B03A00957F62 /* Frameworks */,
				450EECBD17A9B03A00957F62 /* Products */,
			);
			sourceTree = "<group>";
		};
		450EECBD17A9B03A00957F62 /* Products */ = {
			isa = PBXGroup;
			children = (
				450EECBC17A9B03A00957F62 /* BlueLibrary.app */,
			);
			name = Products;
			sourceTree = "<group>";
		};
		450EECBE17A9B03A00957F62 /* Frameworks */ = {
			isa = PBXGroup;
			children = (
				1861CCD81C90850600D0F47A /* MapKit.framework */,
				1861CCD61C9084FE00D0F47A /* ImageIO.framework */,
				1861CCA41C907D0B00D0F47A /* SDWebImage */,
				450EECBF17A9B03A00957F62 /* UIKit.framework */,
				450EECC117A9B03A00957F62 /* Foundation.framework */,
				450EECC317A9B03A00957F62 /* CoreGraphics.framework */,
			);
			name = Frameworks;
			sourceTree = "<group>";
		};
		450EECC517A9B03A00957F62 /* BlueLibrary */ = {
			isa = PBXGroup;
			children = (
				185B29571C7AF5D900EA251E /* View */,
				185B29561C7AF5D400EA251E /* Model */,
				185B29551C7AF5CB00EA251E /* Controller */,
				450EECE217A9B04400957F62 /* API */,
				450EECCE17A9B03A00957F62 /* AppDelegate.h */,
				450EECCF17A9B03A00957F62 /* AppDelegate.m */,
				450EECC617A9B03A00957F62 /* Supporting Files */,
			);
			path = BlueLibrary;
			sourceTree = "<group>";
		};
		450EECC617A9B03A00957F62 /* Supporting Files */ = {
			isa = PBXGroup;
			children = (
				450EECC717A9B03A00957F62 /* BlueLibrary-Info.plist */,
				450EECC817A9B03A00957F62 /* InfoPlist.strings */,
				450EECCB17A9B03A00957F62 /* main.m */,
				450EECCD17A9B03A00957F62 /* BlueLibrary-Prefix.pch */,
				450EECD117A9B03A00957F62 /* Default.png */,
				450EECD317A9B03A00957F62 /* Default@2x.png */,
				450EECD517A9B03A00957F62 /* Default-568h@2x.png */,
			);
			name = "Supporting Files";
			sourceTree = "<group>";
		};
		450EECE217A9B04400957F62 /* API */ = {
			isa = PBXGroup;
			children = (
				450EECE317A9B05E00957F62 /* HTTPClient.h */,
				450EECE417A9B05E00957F62 /* HTTPClient.m */,
				185B29581C7AFBD500EA251E /* LibraryAPI.h */,
				185B29591C7AFBD500EA251E /* LibraryAPI.m */,
				18A52C101C7C085D0086725E /* Album+TableRepresentation.h */,
				18A52C111C7C085D0086725E /* Album+TableRepresentation.m */,
				185B295B1C7B099A00EA251E /* PersistencyManager.h */,
				185B295C1C7B099A00EA251E /* PersistencyManager.m */,
			);
			name = API;
			sourceTree = "<group>";
		};
/* End PBXGroup section */

/* Begin PBXNativeTarget section */
		450EECBB17A9B03A00957F62 /* BlueLibrary */ = {
			isa = PBXNativeTarget;
			buildConfigurationList = 450EECDF17A9B03A00957F62 /* Build configuration list for PBXNativeTarget "BlueLibrary" */;
			buildPhases = (
				450EECB817A9B03A00957F62 /* Sources */,
				450EECB917A9B03A00957F62 /* Frameworks */,
				450EECBA17A9B03A00957F62 /* Resources */,
			);
			buildRules = (
			);
			dependencies = (
			);
			name = BlueLibrary;
			productName = BlueLibrary;
			productReference = 450EECBC17A9B03A00957F62 /* BlueLibrary.app */;
			productType = "com.apple.product-type.application";
		};
/* End PBXNativeTarget section */

/* Begin PBXProject section */
		450EECB417A9B03A00957F62 /* Project object */ = {
			isa = PBXProject;
			attributes = {
				LastUpgradeCheck = 0460;
				ORGANIZATIONNAME = "Eli Ganem";
			};
			buildConfigurationList = 450EECB717A9B03A00957F62 /* Build configuration list for PBXProject "BlueLibrary" */;
			compatibilityVersion = "Xcode 3.2";
			developmentRegion = English;
			hasScannedForEncodings = 0;
			knownRegions = (
				en,
			);
			mainGroup = 450EECB317A9B03A00957F62;
			productRefGroup = 450EECBD17A9B03A00957F62 /* Products */;
			projectDirPath = "";
			projectRoot = "";
			targets = (
				450EECBB17A9B03A00957F62 /* BlueLibrary */,
			);
		};
/* End PBXProject section */

/* Begin PBXResourcesBuildPhase section */
		450EECBA17A9B03A00957F62 /* Resources */ = {
			isa = PBXResourcesBuildPhase;
			buildActionMask = 2147483647;
			files = (
				450EECCA17A9B03A00957F62 /* InfoPlist.strings in Resources */,
				450EECD217A9B03A00957F62 /* Default.png in Resources */,
				450EECD417A9B03A00957F62 /* Default@2x.png in Resources */,
				450EECD617A9B03A00957F62 /* Default-568h@2x.png in Resources */,
			);
			runOnlyForDeploymentPostprocessing = 0;
		};
/* End PBXResourcesBuildPhase section */

/* Begin PBXSourcesBuildPhase section */
		450EECB817A9B03A00957F62 /* Sources */ = {
			isa = PBXSourcesBuildPhase;
			buildActionMask = 2147483647;
			files = (
				450EECCC17A9B03A00957F62 /* main.m in Sources */,
				1861CCC61C907D0B00D0F47A /* MKAnnotationView+WebCache.m in Sources */,
				450EECD017A9B03A00957F62 /* AppDelegate.m in Sources */,
				1861CCCE1C907D0B00D0F47A /* SDWebImagePrefetcher.m in Sources */,
				1861CCCD1C907D0B00D0F47A /* SDWebImageManager.m in Sources */,
				185B29541C7ADDEC00EA251E /* AlbumView.m in Sources */,
				185B295D1C7B099A00EA251E /* PersistencyManager.m in Sources */,
				1861CCD41C907D0B00D0F47A /* UIImageView+WebCache.m in Sources */,
				1861CCC91C907D0B00D0F47A /* SDWebImageCompat.m in Sources */,
				185B295A1C7AFBD500EA251E /* LibraryAPI.m in Sources */,
				1861CCCA1C907D0B00D0F47A /* SDWebImageDecoder.m in Sources */,
				1861CCD11C907D0B00D0F47A /* UIImage+MultiFormat.m in Sources */,
				1861CCD21C907D0B00D0F47A /* UIImage+WebP.m in Sources */,
				1861CCCC1C907D0B00D0F47A /* SDWebImageDownloaderOperation.m in Sources */,
				1861CCD51C907D0B00D0F47A /* UIView+WebCacheOperation.m in Sources */,
				1861CCCB1C907D0B00D0F47A /* SDWebImageDownloader.m in Sources */,
				1861CCD01C907D0B00D0F47A /* UIImage+GIF.m in Sources */,
				18A52C181C7C60400086725E /* HorizontalScroller.m in Sources */,
				450EECD917A9B03A00957F62 /* ViewController.m in Sources */,
				18A52C121C7C085D0086725E /* Album+TableRepresentation.m in Sources */,
				1861CCD31C907D0B00D0F47A /* UIImageView+HighlightedWebCache.m in Sources */,
				185B29511C7AB61800EA251E /* Album.m in Sources */,
				1861CCC81C907D0B00D0F47A /* SDImageCache.m in Sources */,
				1861CCCF1C907D0B00D0F47A /* UIButton+WebCache.m in Sources */,
				1861CCC71C907D0B00D0F47A /* NSData+ImageContentType.m in Sources */,
				450EECE517A9B05E00957F62 /* HTTPClient.m in Sources */,
			);
			runOnlyForDeploymentPostprocessing = 0;
		};
/* End PBXSourcesBuildPhase section */

/* Begin PBXVariantGroup section */
		450EECC817A9B03A00957F62 /* InfoPlist.strings */ = {
			isa = PBXVariantGroup;
			children = (
				450EECC917A9B03A00957F62 /* en */,
			);
			name = InfoPlist.strings;
			sourceTree = "<group>";
		};
/* End PBXVariantGroup section */

/* Begin XCBuildConfiguration section */
		450EECDD17A9B03A00957F62 /* Debug */ = {
			isa = XCBuildConfiguration;
			buildSettings = {
				ALWAYS_SEARCH_USER_PATHS = NO;
				CLANG_CXX_LANGUAGE_STANDARD = "gnu++0x";
				CLANG_CXX_LIBRARY = "libc++";
				CLANG_ENABLE_OBJC_ARC = YES;
				CLANG_WARN_CONSTANT_CONVERSION = YES;
				CLANG_WARN_EMPTY_BODY = YES;
				CLANG_WARN_ENUM_CONVERSION = YES;
				CLANG_WARN_INT_CONVERSION = YES;
				CLANG_WARN__DUPLICATE_METHOD_MATCH = YES;
				"CODE_SIGN_IDENTITY[sdk=iphoneos*]" = "iPhone Developer";
				COPY_PHASE_STRIP = NO;
				GCC_C_LANGUAGE_STANDARD = gnu99;
				GCC_DYNAMIC_NO_PIC = NO;
				GCC_OPTIMIZATION_LEVEL = 0;
				GCC_PREPROCESSOR_DEFINITIONS = (
					"DEBUG=1",
					"$(inherited)",
				);
				GCC_SYMBOLS_PRIVATE_EXTERN = NO;
				GCC_WARN_ABOUT_RETURN_TYPE = YES;
				GCC_WARN_UNINITIALIZED_AUTOS = YES;
				GCC_WARN_UNUSED_VARIABLE = YES;
				IPHONEOS_DEPLOYMENT_TARGET = 6.1;
				ONLY_ACTIVE_ARCH = YES;
				SDKROOT = iphoneos;
			};
			name = Debug;
		};
		450EECDE17A9B03A00957F62 /* Release */ = {
			isa = XCBuildConfiguration;
			buildSettings = {
				ALWAYS_SEARCH_USER_PATHS = NO;
				CLANG_CXX_LANGUAGE_STANDARD = "gnu++0x";
				CLANG_CXX_LIBRARY = "libc++";
				CLANG_ENABLE_OBJC_ARC = YES;
				CLANG_WARN_CONSTANT_CONVERSION = YES;
				CLANG_WARN_EMPTY_BODY = YES;
				CLANG_WARN_ENUM_CONVERSION = YES;
				CLANG_WARN_INT_CONVERSION = YES;
				CLANG_WARN__DUPLICATE_METHOD_MATCH = YES;
				"CODE_SIGN_IDENTITY[sdk=iphoneos*]" = "iPhone Developer";
				COPY_PHASE_STRIP = YES;
				GCC_C_LANGUAGE_STANDARD = gnu99;
				GCC_WARN_ABOUT_RETURN_TYPE = YES;
				GCC_WARN_UNINITIALIZED_AUTOS = YES;
				GCC_WARN_UNUSED_VARIABLE = YES;
				IPHONEOS_DEPLOYMENT_TARGET = 6.1;
				OTHER_CFLAGS = "-DNS_BLOCK_ASSERTIONS=1";
				SDKROOT = iphoneos;
				VALIDATE_PRODUCT = YES;
			};
			name = Release;
		};
		450EECE017A9B03A00957F62 /* Debug */ = {
			isa = XCBuildConfiguration;
			buildSettings = {
				GCC_PRECOMPILE_PREFIX_HEADER = YES;
				GCC_PREFIX_HEADER = "BlueLibrary/BlueLibrary-Prefix.pch";
				INFOPLIST_FILE = "BlueLibrary/BlueLibrary-Info.plist";
				PRODUCT_NAME = "$(TARGET_NAME)";
				WRAPPER_EXTENSION = app;
			};
			name = Debug;
		};
		450EECE117A9B03A00957F62 /* Release */ = {
			isa = XCBuildConfiguration;
			buildSettings = {
				GCC_PRECOMPILE_PREFIX_HEADER = YES;
				GCC_PREFIX_HEADER = "BlueLibrary/BlueLibrary-Prefix.pch";
				INFOPLIST_FILE = "BlueLibrary/BlueLibrary-Info.plist";
				PRODUCT_NAME = "$(TARGET_NAME)";
				WRAPPER_EXTENSION = app;
			};
			name = Release;
		};
/* End XCBuildConfiguration section */

/* Begin XCConfigurationList section */
		450EECB717A9B03A00957F62 /* Build configuration list for PBXProject "BlueLibrary" */ = {
			isa = XCConfigurationList;
			buildConfigurations = (
				450EECDD17A9B03A00957F62 /* Debug */,
				450EECDE17A9B03A00957F62 /* Release */,
			);
			defaultConfigurationIsVisible = 0;
			defaultConfigurationName = Release;
		};
		450EECDF17A9B03A00957F62 /* Build configuration list for PBXNativeTarget "BlueLibrary" */ = {
			isa = XCConfigurationList;
			buildConfigurations = (
				450EECE017A9B03A00957F62 /* Debug */,
				450EECE117A9B03A00957F62 /* Release */,
			);
			defaultConfigurationIsVisible = 0;
			defaultConfigurationName = Release;
		};
/* End XCConfigurationList section */
	};
	rootObject = 450EECB417A9B03A00957F62 /* Project object */;
}
